
Microsoft Visual Studio Solution File, Format Version 12.00
# Visual Studio Version 16
VisualStudioVersion = 16.0.29324.140
MinimumVisualStudioVersion = 10.0.40219.1
Project("{FAE04EC0-301F-11D3-BF4B-00C04F79EFBC}") = "ForEachwithControlObjectsTobi", "ForEachwithControlObjectsTobi\ForEachwithControlObjectsTobi.csproj", "{399B9044-1627-4B40-A4F7-1504B12CAFC0}"
EndProject
Global
	GlobalSection(SolutionConfigurationPlatforms) = preSolution
		Debug|Any CPU = Debug|Any CPU
		Release|Any CPU = Release|Any CPU
	EndGlobalSection
	GlobalSection(ProjectConfigurationPlatforms) = postSolution
		{399B9044-1627-4B40-A4F7-1504B12CAFC0}.Debug|Any CPU.ActiveCfg = Debug|Any CPU
		{399B9044-1627-4B40-A4F7-1504B12CAFC0}.Debug|Any CPU.Build.0 = Debug|Any CPU
		{399B9044-1627-4B40-A4F7-1504B12CAFC0}.Release|Any CPU.ActiveCfg = Release|Any CPU
		{399B9044-1627-4B40-A4F7-1504B12CAFC0}.Release|Any CPU.Build.0 = Release|Any CPU
	EndGlobalSection
	GlobalSection(SolutionProperties) = preSolution
		HideSolutionNode = FALSE
	EndGlobalSection
	GlobalSection(ExtensibilityGlobals) = postSolution
		SolutionGuid = {8C737CF0-3757-4FC1-BE9B-053424FD1538}
	EndGlobalSection
EndGlobal
